{
    "_readme": [
        "This file locks the dependencies of your project to a known state",
        "Read more about it at https://getcomposer.org/doc/01-basic-usage.md#installing-dependencies",
        "This file is @generated automatically"
    ],
    "content-hash": "03e1074b40117b02efb5a5d83158e37e",
    "packages": [
        {
            "name": "container-interop/container-interop",
            "version": "1.2.0",
            "source": {
                "type": "git",
                "url": "https://github.com/container-interop/container-interop.git",
                "reference": "79cbf1341c22ec75643d841642dd5d6acd83bdb8"
            },
            "dist": {
                "type": "zip",
                "url": "https://api.github.com/repos/container-interop/container-interop/zipball/79cbf1341c22ec75643d841642dd5d6acd83bdb8",
                "reference": "79cbf1341c22ec75643d841642dd5d6acd83bdb8",
                "shasum": ""
            },
            "require": {
                "psr/container": "^1.0"
            },
            "type": "library",
            "autoload": {
                "psr-4": {
                    "Interop\\Container\\": "src/Interop/Container/"
                }
            },
            "notification-url": "https://packagist.org/downloads/",
            "license": [
                "MIT"
            ],
            "description": "Promoting the interoperability of container objects (DIC, SL, etc.)",
            "homepage": "https://github.com/container-interop/container-interop",
            "abandoned": "psr/container",
            "time": "2017-02-14T19:40:03+00:00"
        },
        {
            "name": "laminas/laminas-code",
            "version": "3.5.1",
            "source": {
                "type": "git",
                "url": "https://github.com/laminas/laminas-code.git",
                "reference": "b549b70c0bb6e935d497f84f750c82653326ac77"
            },
            "dist": {
                "type": "zip",
                "url": "https://api.github.com/repos/laminas/laminas-code/zipball/b549b70c0bb6e935d497f84f750c82653326ac77",
                "reference": "b549b70c0bb6e935d497f84f750c82653326ac77",
                "shasum": ""
            },
            "require": {
                "laminas/laminas-eventmanager": "^3.3",
                "laminas/laminas-zendframework-bridge": "^1.1",
                "php": "^7.3 || ~8.0.0"
            },
            "conflict": {
                "phpspec/prophecy": "<1.9.0"
            },
            "replace": {
                "zendframework/zend-code": "^3.4.1"
            },
            "require-dev": {
                "doctrine/annotations": "^1.10.4",
                "ext-phar": "*",
                "laminas/laminas-coding-standard": "^1.0.0",
                "laminas/laminas-stdlib": "^3.3.0",
                "phpunit/phpunit": "^9.4.2"
            },
            "suggest": {
                "doctrine/annotations": "Doctrine\\Common\\Annotations >=1.0 for annotation features",
                "laminas/laminas-stdlib": "Laminas\\Stdlib component"
            },
            "type": "library",
            "autoload": {
                "psr-4": {
                    "Laminas\\Code\\": "src/"
                }
            },
            "notification-url": "https://packagist.org/downloads/",
            "license": [
                "BSD-3-Clause"
            ],
            "description": "Extensions to the PHP Reflection API, static code scanning, and code generation",
            "homepage": "https://laminas.dev",
            "keywords": [
                "code",
                "laminas"
            ],
            "funding": [
                {
                    "url": "https://funding.communitybridge.org/projects/laminas-project",
                    "type": "community_bridge"
                }
            ],
            "time": "2020-11-30T20:16:31+00:00"
        },
        {
            "name": "laminas/laminas-escaper",
            "version": "2.9.0",
            "source": {
                "type": "git",
                "url": "https://github.com/laminas/laminas-escaper.git",
                "reference": "891ad70986729e20ed2e86355fcf93c9dc238a5f"
            },
            "dist": {
                "type": "zip",
                "url": "https://api.github.com/repos/laminas/laminas-escaper/zipball/891ad70986729e20ed2e86355fcf93c9dc238a5f",
                "reference": "891ad70986729e20ed2e86355fcf93c9dc238a5f",
                "shasum": ""
            },
            "require": {
                "php": "^7.3 || ~8.0.0 || ~8.1.0"
            },
            "conflict": {
                "zendframework/zend-escaper": "*"
            },
            "require-dev": {
                "laminas/laminas-coding-standard": "~2.3.0",
                "phpunit/phpunit": "^9.3",
                "psalm/plugin-phpunit": "^0.12.2",
                "vimeo/psalm": "^3.16"
            },
            "suggest": {
                "ext-iconv": "*",
                "ext-mbstring": "*"
            },
            "type": "library",
            "autoload": {
                "psr-4": {
                    "Laminas\\Escaper\\": "src/"
                }
            },
            "notification-url": "https://packagist.org/downloads/",
            "license": [
                "BSD-3-Clause"
            ],
            "description": "Securely and safely escape HTML, HTML attributes, JavaScript, CSS, and URLs",
            "homepage": "https://laminas.dev",
            "keywords": [
                "escaper",
                "laminas"
            ],
            "funding": [
                {
                    "url": "https://funding.communitybridge.org/projects/laminas-project",
                    "type": "community_bridge"
                }
            ],
            "time": "2021-09-02T17:10:53+00:00"
        },
        {
            "name": "laminas/laminas-eventmanager",
            "version": "3.4.0",
            "source": {
                "type": "git",
                "url": "https://github.com/laminas/laminas-eventmanager.git",
                "reference": "a93fd278c97b2d41ebbce5ba048a24e3e6f580ba"
            },
            "dist": {
                "type": "zip",
                "url": "https://api.github.com/repos/laminas/laminas-eventmanager/zipball/a93fd278c97b2d41ebbce5ba048a24e3e6f580ba",
                "reference": "a93fd278c97b2d41ebbce5ba048a24e3e6f580ba",
                "shasum": ""
            },
            "require": {
                "php": "^7.3 || ~8.0.0 || ~8.1.0"
            },
            "conflict": {
                "zendframework/zend-eventmanager": "*"
            },
            "require-dev": {
                "container-interop/container-interop": "^1.1",
                "laminas/laminas-coding-standard": "~2.2.1",
                "laminas/laminas-stdlib": "^3.6",
                "phpbench/phpbench": "^1.1",
                "phpspec/prophecy-phpunit": "^2.0",
                "phpunit/phpunit": "^9.5.5"
            },
            "suggest": {
                "container-interop/container-interop": "^1.1, to use the lazy listeners feature",
                "laminas/laminas-stdlib": "^2.7.3 || ^3.0, to use the FilterChain feature"
            },
            "type": "library",
            "autoload": {
                "psr-4": {
                    "Laminas\\EventManager\\": "src/"
                }
            },
            "notification-url": "https://packagist.org/downloads/",
            "license": [
                "BSD-3-Clause"
            ],
            "description": "Trigger and listen to events within a PHP application",
            "homepage": "https://laminas.dev",
            "keywords": [
                "event",
                "eventmanager",
                "events",
                "laminas"
            ],
            "funding": [
                {
                    "url": "https://funding.communitybridge.org/projects/laminas-project",
                    "type": "community_bridge"
                }
            ],
            "time": "2021-09-07T22:35:32+00:00"
        },
        {
            "name": "laminas/laminas-http",
            "version": "2.15.0",
            "source": {
                "type": "git",
                "url": "https://github.com/laminas/laminas-http.git",
                "reference": "e1f3420ab35e21ea135913d213b8d570e5e7b513"
            },
            "dist": {
                "type": "zip",
                "url": "https://api.github.com/repos/laminas/laminas-http/zipball/e1f3420ab35e21ea135913d213b8d570e5e7b513",
                "reference": "e1f3420ab35e21ea135913d213b8d570e5e7b513",
                "shasum": ""
            },
            "require": {
                "laminas/laminas-loader": "^2.8",
                "laminas/laminas-stdlib": "^3.6",
                "laminas/laminas-uri": "^2.9.1",
                "laminas/laminas-validator": "^2.15",
                "php": "^7.3 || ~8.0.0 || ~8.1.0"
            },
            "conflict": {
                "zendframework/zend-http": "*"
            },
            "require-dev": {
                "laminas/laminas-coding-standard": "~2.2.1",
                "phpunit/phpunit": "^9.5.5"
            },
            "suggest": {
                "paragonie/certainty": "For automated management of cacert.pem"
            },
            "type": "library",
            "autoload": {
                "psr-4": {
                    "Laminas\\Http\\": "src/"
                }
            },
            "notification-url": "https://packagist.org/downloads/",
            "license": [
                "BSD-3-Clause"
            ],
            "description": "Provides an easy interface for performing Hyper-Text Transfer Protocol (HTTP) requests",
            "homepage": "https://laminas.dev",
            "keywords": [
                "http",
                "http client",
                "laminas"
            ],
            "funding": [
                {
                    "url": "https://funding.communitybridge.org/projects/laminas-project",
                    "type": "community_bridge"
                }
            ],
            "time": "2021-09-10T10:45:31+00:00"
        },
        {
            "name": "laminas/laminas-json",
            "version": "3.3.0",
            "source": {
                "type": "git",
                "url": "https://github.com/laminas/laminas-json.git",
                "reference": "9a0ce9f330b7d11e70c4acb44d67e8c4f03f437f"
            },
            "dist": {
                "type": "zip",
                "url": "https://api.github.com/repos/laminas/laminas-json/zipball/9a0ce9f330b7d11e70c4acb44d67e8c4f03f437f",
                "reference": "9a0ce9f330b7d11e70c4acb44d67e8c4f03f437f",
                "shasum": ""
            },
            "require": {
                "php": "^7.3 || ~8.0.0 || ~8.1.0"
            },
            "conflict": {
                "zendframework/zend-json": "*"
            },
            "require-dev": {
                "laminas/laminas-coding-standard": "~2.2.1",
                "laminas/laminas-stdlib": "^2.7.7 || ^3.1",
                "phpunit/phpunit": "^9.3"
            },
            "suggest": {
                "laminas/laminas-json-server": "For implementing JSON-RPC servers",
                "laminas/laminas-xml2json": "For converting XML documents to JSON"
            },
            "type": "library",
            "autoload": {
                "psr-4": {
                    "Laminas\\Json\\": "src/"
                }
            },
            "notification-url": "https://packagist.org/downloads/",
            "license": [
                "BSD-3-Clause"
            ],
            "description": "provides convenience methods for serializing native PHP to JSON and decoding JSON to native PHP",
            "homepage": "https://laminas.dev",
            "keywords": [
                "json",
                "laminas"
            ],
            "funding": [
                {
                    "url": "https://funding.communitybridge.org/projects/laminas-project",
                    "type": "community_bridge"
                }
            ],
            "time": "2021-09-02T18:02:31+00:00"
        },
        {
            "name": "laminas/laminas-json-server",
            "version": "3.3.0",
            "source": {
                "type": "git",
                "url": "https://github.com/laminas/laminas-json-server.git",
                "reference": "45a55cbdcec6806c6f8cc81e40df5c9738269a0f"
            },
            "dist": {
                "type": "zip",
                "url": "https://api.github.com/repos/laminas/laminas-json-server/zipball/45a55cbdcec6806c6f8cc81e40df5c9738269a0f",
                "reference": "45a55cbdcec6806c6f8cc81e40df5c9738269a0f",
                "shasum": ""
            },
            "require": {
                "laminas/laminas-http": "^2.7",
                "laminas/laminas-json": "^2.6.1 || ^3.0",
                "laminas/laminas-server": "^2.7",
                "laminas/laminas-zendframework-bridge": "^1.0",
                "php": "^7.3 || ~8.0.0"
            },
            "conflict": {
                "laminas/laminas-stdlib": "<3.2.1"
            },
            "replace": {
                "zendframework/zend-json-server": "^3.2.0"
            },
            "require-dev": {
                "ext-json": "*",
                "laminas/laminas-coding-standard": "~1.0.0",
                "phpunit/phpunit": "^9.3.0"
            },
            "type": "library",
            "autoload": {
                "psr-4": {
                    "Laminas\\Json\\Server\\": "src/"
                }
            },
            "notification-url": "https://packagist.org/downloads/",
            "license": [
                "BSD-3-Clause"
            ],
            "description": "Laminas Json-Server is a JSON-RPC server implementation.",
            "homepage": "https://laminas.dev",
            "keywords": [
                "json",
                "json-server",
                "laminas",
                "server"
            ],
            "funding": [
                {
                    "url": "https://funding.communitybridge.org/projects/laminas-project",
                    "type": "community_bridge"
                }
            ],
            "time": "2021-04-07T21:37:05+00:00"
        },
        {
            "name": "laminas/laminas-loader",
            "version": "2.8.0",
            "source": {
                "type": "git",
                "url": "https://github.com/laminas/laminas-loader.git",
                "reference": "d0589ec9dd48365fd95ad10d1c906efd7711c16b"
            },
            "dist": {
                "type": "zip",
                "url": "https://api.github.com/repos/laminas/laminas-loader/zipball/d0589ec9dd48365fd95ad10d1c906efd7711c16b",
                "reference": "d0589ec9dd48365fd95ad10d1c906efd7711c16b",
                "shasum": ""
            },
            "require": {
                "php": "^7.3 || ~8.0.0 || ~8.1.0"
            },
            "conflict": {
                "zendframework/zend-loader": "*"
            },
            "require-dev": {
                "laminas/laminas-coding-standard": "~2.2.1",
                "phpunit/phpunit": "^9.3"
            },
            "type": "library",
            "autoload": {
                "psr-4": {
                    "Laminas\\Loader\\": "src/"
                }
            },
            "notification-url": "https://packagist.org/downloads/",
            "license": [
                "BSD-3-Clause"
            ],
            "description": "Autoloading and plugin loading strategies",
            "homepage": "https://laminas.dev",
            "keywords": [
                "laminas",
                "loader"
            ],
            "funding": [
                {
                    "url": "https://funding.communitybridge.org/projects/laminas-project",
                    "type": "community_bridge"
                }
            ],
            "time": "2021-09-02T18:30:53+00:00"
        },
        {
            "name": "laminas/laminas-server",
            "version": "2.10.0",
            "source": {
                "type": "git",
                "url": "https://github.com/laminas/laminas-server.git",
                "reference": "e1fd6853223feed7a00555144d661e0a914124cd"
            },
            "dist": {
                "type": "zip",
                "url": "https://api.github.com/repos/laminas/laminas-server/zipball/e1fd6853223feed7a00555144d661e0a914124cd",
                "reference": "e1fd6853223feed7a00555144d661e0a914124cd",
                "shasum": ""
            },
            "require": {
                "laminas/laminas-code": "^3.5.1 || ^4.0.0",
                "laminas/laminas-stdlib": "^3.3.1",
                "laminas/laminas-zendframework-bridge": "^1.2.0",
                "php": "^7.3 || ~8.0.0"
            },
            "replace": {
                "zendframework/zend-server": "^2.8.1"
            },
            "require-dev": {
                "laminas/laminas-coding-standard": "~1.0.0",
                "phpunit/phpunit": "^9.5.4",
                "psalm/plugin-phpunit": "^0.15.1",
                "vimeo/psalm": "^4.6.4"
            },
            "type": "library",
            "autoload": {
                "psr-4": {
                    "Laminas\\Server\\": "src/"
                }
            },
            "notification-url": "https://packagist.org/downloads/",
            "license": [
                "BSD-3-Clause"
            ],
            "description": "Create Reflection-based RPC servers",
            "homepage": "https://laminas.dev",
            "keywords": [
                "laminas",
                "server"
            ],
            "funding": [
                {
                    "url": "https://funding.communitybridge.org/projects/laminas-project",
                    "type": "community_bridge"
                }
            ],
            "time": "2021-04-16T11:56:04+00:00"
        },
        {
            "name": "laminas/laminas-stdlib",
            "version": "3.6.0",
            "source": {
                "type": "git",
                "url": "https://github.com/laminas/laminas-stdlib.git",
                "reference": "c53d8537f108fac3fae652677a19735db730ba46"
            },
            "dist": {
                "type": "zip",
                "url": "https://api.github.com/repos/laminas/laminas-stdlib/zipball/c53d8537f108fac3fae652677a19735db730ba46",
                "reference": "c53d8537f108fac3fae652677a19735db730ba46",
                "shasum": ""
            },
            "require": {
                "php": "^7.3 || ~8.0.0 || ~8.1.0"
            },
            "conflict": {
                "zendframework/zend-stdlib": "*"
            },
            "require-dev": {
                "laminas/laminas-coding-standard": "~2.3.0",
                "phpbench/phpbench": "^0.17.1",
                "phpunit/phpunit": "~9.3.7",
                "psalm/plugin-phpunit": "^0.16.0",
                "vimeo/psalm": "^4.7"
            },
            "type": "library",
            "autoload": {
                "psr-4": {
                    "Laminas\\Stdlib\\": "src/"
                }
            },
            "notification-url": "https://packagist.org/downloads/",
            "license": [
                "BSD-3-Clause"
            ],
            "description": "SPL extensions, array utilities, error handlers, and more",
            "homepage": "https://laminas.dev",
            "keywords": [
                "laminas",
                "stdlib"
            ],
            "funding": [
                {
                    "url": "https://funding.communitybridge.org/projects/laminas-project",
                    "type": "community_bridge"
                }
            ],
            "time": "2021-09-02T16:11:32+00:00"
        },
        {
            "name": "laminas/laminas-uri",
            "version": "2.9.1",
            "source": {
                "type": "git",
                "url": "https://github.com/laminas/laminas-uri.git",
                "reference": "7e837dc15c8fd3949df7d1213246fd7c8640032b"
            },
            "dist": {
                "type": "zip",
                "url": "https://api.github.com/repos/laminas/laminas-uri/zipball/7e837dc15c8fd3949df7d1213246fd7c8640032b",
                "reference": "7e837dc15c8fd3949df7d1213246fd7c8640032b",
                "shasum": ""
            },
            "require": {
                "laminas/laminas-escaper": "^2.9",
                "laminas/laminas-validator": "^2.15",
                "php": "^7.3 || ~8.0.0 || ~8.1.0"
            },
            "conflict": {
                "zendframework/zend-uri": "*"
            },
            "require-dev": {
                "laminas/laminas-coding-standard": "~2.2.1",
                "phpunit/phpunit": "^9.5.5"
            },
            "type": "library",
            "autoload": {
                "psr-4": {
                    "Laminas\\Uri\\": "src/"
                }
            },
            "notification-url": "https://packagist.org/downloads/",
            "license": [
                "BSD-3-Clause"
            ],
            "description": "A component that aids in manipulating and validating » Uniform Resource Identifiers (URIs)",
            "homepage": "https://laminas.dev",
            "keywords": [
                "laminas",
                "uri"
            ],
            "funding": [
                {
                    "url": "https://funding.communitybridge.org/projects/laminas-project",
                    "type": "community_bridge"
                }
            ],
            "time": "2021-09-09T18:37:15+00:00"
        },
        {
            "name": "laminas/laminas-validator",
            "version": "2.15.0",
            "source": {
                "type": "git",
                "url": "https://github.com/laminas/laminas-validator.git",
                "reference": "270380e87904f5a1a1fba3059989d4ca157e16a9"
            },
            "dist": {
                "type": "zip",
                "url": "https://api.github.com/repos/laminas/laminas-validator/zipball/270380e87904f5a1a1fba3059989d4ca157e16a9",
                "reference": "270380e87904f5a1a1fba3059989d4ca157e16a9",
                "shasum": ""
            },
            "require": {
                "container-interop/container-interop": "^1.1",
                "laminas/laminas-stdlib": "^3.6",
                "php": "^7.3 || ~8.0.0 || ~8.1.0"
            },
            "conflict": {
                "zendframework/zend-validator": "*"
            },
            "require-dev": {
                "laminas/laminas-cache": "^2.6.1",
                "laminas/laminas-coding-standard": "~2.2.1",
                "laminas/laminas-db": "^2.7",
                "laminas/laminas-filter": "^2.6",
                "laminas/laminas-http": "^2.14.2",
                "laminas/laminas-i18n": "^2.6",
                "laminas/laminas-math": "^2.6",
                "laminas/laminas-servicemanager": "^2.7.11 || ^3.0.3",
                "laminas/laminas-session": "^2.8",
                "laminas/laminas-uri": "^2.7",
                "phpspec/prophecy-phpunit": "^2.0",
                "phpunit/phpunit": "^9.5.5",
                "psalm/plugin-phpunit": "^0.15.0",
                "psr/http-client": "^1.0",
                "psr/http-factory": "^1.0",
                "psr/http-message": "^1.0",
                "vimeo/psalm": "^4.3"
            },
            "suggest": {
                "laminas/laminas-db": "Laminas\\Db component, required by the (No)RecordExists validator",
                "laminas/laminas-filter": "Laminas\\Filter component, required by the Digits validator",
                "laminas/laminas-i18n": "Laminas\\I18n component to allow translation of validation error messages",
                "laminas/laminas-i18n-resources": "Translations of validator messages",
                "laminas/laminas-math": "Laminas\\Math component, required by the Csrf validator",
                "laminas/laminas-servicemanager": "Laminas\\ServiceManager component to allow using the ValidatorPluginManager and validator chains",
                "laminas/laminas-session": "Laminas\\Session component, ^2.8; required by the Csrf validator",
                "laminas/laminas-uri": "Laminas\\Uri component, required by the Uri and Sitemap\\Loc validators",
                "psr/http-message": "psr/http-message, required when validating PSR-7 UploadedFileInterface instances via the Upload and UploadFile validators"
            },
            "type": "library",
            "extra": {
                "laminas": {
                    "component": "Laminas\\Validator",
                    "config-provider": "Laminas\\Validator\\ConfigProvider"
                }
            },
            "autoload": {
                "psr-4": {
                    "Laminas\\Validator\\": "src/"
                }
            },
            "notification-url": "https://packagist.org/downloads/",
            "license": [
                "BSD-3-Clause"
            ],
            "description": "Validation classes for a wide range of domains, and the ability to chain validators to create complex validation criteria",
            "homepage": "https://laminas.dev",
            "keywords": [
                "laminas",
                "validator"
            ],
            "funding": [
                {
                    "url": "https://funding.communitybridge.org/projects/laminas-project",
                    "type": "community_bridge"
                }
            ],
            "time": "2021-09-08T23:16:56+00:00"
        },
        {
            "name": "laminas/laminas-zendframework-bridge",
            "version": "1.4.0",
            "source": {
                "type": "git",
                "url": "https://github.com/laminas/laminas-zendframework-bridge.git",
                "reference": "bf180a382393e7db5c1e8d0f2ec0c4af9c724baf"
            },
            "dist": {
                "type": "zip",
                "url": "https://api.github.com/repos/laminas/laminas-zendframework-bridge/zipball/bf180a382393e7db5c1e8d0f2ec0c4af9c724baf",
                "reference": "bf180a382393e7db5c1e8d0f2ec0c4af9c724baf",
                "shasum": ""
            },
            "require": {
                "php": "^7.3 || ~8.0.0 || ~8.1.0"
            },
            "require-dev": {
                "phpunit/phpunit": "^9.3",
                "psalm/plugin-phpunit": "^0.15.1",
                "squizlabs/php_codesniffer": "^3.5",
                "vimeo/psalm": "^4.6"
            },
            "type": "library",
            "extra": {
                "laminas": {
                    "module": "Laminas\\ZendFrameworkBridge"
                }
            },
            "autoload": {
                "files": [
                    "src/autoload.php"
                ],
                "psr-4": {
                    "Laminas\\ZendFrameworkBridge\\": "src//"
                }
            },
            "notification-url": "https://packagist.org/downloads/",
            "license": [
                "BSD-3-Clause"
            ],
            "description": "Alias legacy ZF class names to Laminas Project equivalents.",
            "keywords": [
                "ZendFramework",
                "autoloading",
                "laminas",
                "zf"
            ],
            "funding": [
                {
                    "url": "https://funding.communitybridge.org/projects/laminas-project",
                    "type": "community_bridge"
                }
            ],
            "time": "2021-09-03T17:53:30+00:00"
        },
        {
            "name": "psr/container",
            "version": "1.1.1",
            "source": {
                "type": "git",
                "url": "https://github.com/php-fig/container.git",
                "reference": "8622567409010282b7aeebe4bb841fe98b58dcaf"
            },
            "dist": {
                "type": "zip",
                "url": "https://api.github.com/repos/php-fig/container/zipball/8622567409010282b7aeebe4bb841fe98b58dcaf",
                "reference": "8622567409010282b7aeebe4bb841fe98b58dcaf",
                "shasum": ""
            },
            "require": {
                "php": ">=7.2.0"
            },
            "type": "library",
            "autoload": {
                "psr-4": {
                    "Psr\\Container\\": "src/"
                }
            },
            "notification-url": "https://packagist.org/downloads/",
            "license": [
                "MIT"
            ],
            "authors": [
                {
                    "name": "PHP-FIG",
                    "homepage": "https://www.php-fig.org/"
                }
            ],
            "description": "Common Container Interface (PHP FIG PSR-11)",
            "homepage": "https://github.com/php-fig/container",
            "keywords": [
                "PSR-11",
                "container",
                "container-interface",
                "container-interop",
                "psr"
            ],
            "time": "2021-03-05T17:36:06+00:00"
        }
    ],
    "packages-dev": [],
    "aliases": [],
    "minimum-stability": "stable",
    "stability-flags": [],
    "prefer-stable": false,
    "prefer-lowest": false,
    "platform": [],
    "platform-dev": [],
    "plugin-api-version": "1.1.0"
}
